
Microsoft Visual Studio Solution File, Format Version 12.00
# Visual Studio Version 17
VisualStudioVersion = 17.5.2.0
MinimumVisualStudioVersion = 10.0.40219.1
Project("{FAE04EC0-301F-11D3-BF4B-00C04F79EFBC}") = "BackendServer", "BackendServer\BackendServer.csproj", "{45C489F6-1CF4-C94B-C37C-7404B2332B49}"
EndProject
Project("{FAE04EC0-301F-11D3-BF4B-00C04F79EFBC}") = "BackendServer.Tests", "BackendServer.Tests\BackendServer.Tests.csproj", "{7A5CA640-1C2E-447A-88BC-CE12D65F7973}"
EndProject
Global
	GlobalSection(SolutionConfigurationPlatforms) = preSolution
		Debug|Any CPU = Debug|Any CPU
		Debug|x64 = Debug|x64
		Debug|x86 = Debug|x86
		Release|Any CPU = Release|Any CPU
		Release|x64 = Release|x64
		Release|x86 = Release|x86
	EndGlobalSection
	GlobalSection(ProjectConfigurationPlatforms) = postSolution
		{45C489F6-1CF4-C94B-C37C-7404B2332B49}.Debug|Any CPU.ActiveCfg = Debug|Any CPU
		{45C489F6-1CF4-C94B-C37C-7404B2332B49}.Debug|Any CPU.Build.0 = Debug|Any CPU
		{45C489F6-1CF4-C94B-C37C-7404B2332B49}.Debug|x64.ActiveCfg = Debug|Any CPU
		{45C489F6-1CF4-C94B-C37C-7404B2332B49}.Debug|x64.Build.0 = Debug|Any CPU
		{45C489F6-1CF4-C94B-C37C-7404B2332B49}.Debug|x86.ActiveCfg = Debug|Any CPU
		{45C489F6-1CF4-C94B-C37C-7404B2332B49}.Debug|x86.Build.0 = Debug|Any CPU
		{45C489F6-1CF4-C94B-C37C-7404B2332B49}.Release|Any CPU.ActiveCfg = Release|Any CPU
		{45C489F6-1CF4-C94B-C37C-7404B2332B49}.Release|Any CPU.Build.0 = Release|Any CPU
		{45C489F6-1CF4-C94B-C37C-7404B2332B49}.Release|x64.ActiveCfg = Release|Any CPU
		{45C489F6-1CF4-C94B-C37C-7404B2332B49}.Release|x64.Build.0 = Release|Any CPU
		{45C489F6-1CF4-C94B-C37C-7404B2332B49}.Release|x86.ActiveCfg = Release|Any CPU
		{45C489F6-1CF4-C94B-C37C-7404B2332B49}.Release|x86.Build.0 = Release|Any CPU
		{7A5CA640-1C2E-447A-88BC-CE12D65F7973}.Debug|Any CPU.ActiveCfg = Debug|Any CPU
		{7A5CA640-1C2E-447A-88BC-CE12D65F7973}.Debug|Any CPU.Build.0 = Debug|Any CPU
		{7A5CA640-1C2E-447A-88BC-CE12D65F7973}.Debug|x64.ActiveCfg = Debug|Any CPU
		{7A5CA640-1C2E-447A-88BC-CE12D65F7973}.Debug|x64.Build.0 = Debug|Any CPU
		{7A5CA640-1C2E-447A-88BC-CE12D65F7973}.Debug|x86.ActiveCfg = Debug|Any CPU
		{7A5CA640-1C2E-447A-88BC-CE12D65F7973}.Debug|x86.Build.0 = Debug|Any CPU
		{7A5CA640-1C2E-447A-88BC-CE12D65F7973}.Release|Any CPU.ActiveCfg = Release|Any CPU
		{7A5CA640-1C2E-447A-88BC-CE12D65F7973}.Release|Any CPU.Build.0 = Release|Any CPU
		{7A5CA640-1C2E-447A-88BC-CE12D65F7973}.Release|x64.ActiveCfg = Release|Any CPU
		{7A5CA640-1C2E-447A-88BC-CE12D65F7973}.Release|x64.Build.0 = Release|Any CPU
		{7A5CA640-1C2E-447A-88BC-CE12D65F7973}.Release|x86.ActiveCfg = Release|Any CPU
		{7A5CA640-1C2E-447A-88BC-CE12D65F7973}.Release|x86.Build.0 = Release|Any CPU
	EndGlobalSection
	GlobalSection(SolutionProperties) = preSolution
		HideSolutionNode = FALSE
	EndGlobalSection
	GlobalSection(ExtensibilityGlobals) = postSolution
		SolutionGuid = {3D183DB2-8300-4493-AF91-98D99577FA99}
	EndGlobalSection
EndGlobal
